github.com/davecgh/go-spew v1.1.1 h1:vj9j/u1bqnvCEfJOwUhtlOARqs3+rkHYY13jYWTU97c=
github.com/davecgh/go-spew v1.1.1/go.mod h1:J7Y8YcW2NihsgmVo/mv3lAwl/skON4iLHjSsI+c5H38=
github.com/jolt9dev/go-env v0.0.1 h1:mmrGsdEM/9Dhsmt3PFz3z6/id24JXglgUgruFivyaL0=
github.com/jolt9dev/go-env v0.0.1/go.mod h1:A8oFVrdO+9HLPPCUzV06/APyNFd6yyh/hhX8MwVB+9g=
github.com/jolt9dev/go-exec v0.0.1 h1:nKGiR5/UxM1hCRIxjLzdMHdPJK0OG2dxrfYfXXYUZk0=
github.com/jolt9dev/go-exec v0.0.1/go.mod h1:NhBbqvT/EgqEgoAeV6UQ9dESyscBF/dXT4iEaXzl1SQ=
github.com/jolt9dev/go-fs v0.0.0 h1:UnZPdaWirl8xnqToScFMrrxyl3aU8jHthrNpYrxVFo8=
github.com/jolt9dev/go-fs v0.0.0/go.mod h1:cfA74gEF0XFmLuaeowWHbfoCpZf73YBQEYT/N2bprrY=
github.com/jolt9dev/go-platform v0.0.0 h1:y+gIeou54Wq/k6yQ0czamtREmi1IViWz7oOFvmpc7Ic=
github.com/jolt9dev/go-platform v0.0.0/go.mod h1:8kayxBtHb4RlqcBQWn5AXXrbl+F0v8C+Ab8gHVy2EdU=
github.com/jolt9dev/go-xstrings v0.0.0 h1:0xVRnI61pap12jOHh0nuDt2wv47GxTklMu/QNloCZn8=
github.com/jolt9dev/go-xstrings v0.0.0/go.mod h1:tW8SdgW774ItFQswR7fQE6mxEkzb2KOaTLGdX/+HWdI=
github.com/pmezard/go-difflib v1.0.0 h1:4DBwDE0NGyQoBHbLQYPwSUPoCMWR5BEzIk/f1lZbAQM=
github.com/pmezard/go-difflib v1.0.0/go.mod h1:iKH77koFhYxTK1pcRnkKkqfTogsbg7gZNVY4sRDYZ/4=
github.com/stretchr/testify v1.10.0 h1:Xv5erBjTwe/5IxqUQTdXv5kgmIvbHo3QQyRwhJsOfJA=
github.com/stretchr/testify v1.10.0/go.mod h1:r2ic/lqez/lEtzL7wO/rwa5dbSLXVDPFyf8C91i36aY=
golang.org/x/sys v0.28.0 h1:Fksou7UEQUWlKvIdsqzJmUmCX3cZuD2+P3XyyzwMhlA=
golang.org/x/sys v0.28.0/go.mod h1:/VUhepiaJMQUp4+oa/7Zr1D23ma6VTLIYjOOTFZPUcA=
gopkg.in/yaml.v3 v3.0.1 h1:fxVm/GzAzEWqLHuvctI91KS9hhNmmWOoWu0XTYJS7CA=
gopkg.in/yaml.v3 v3.0.1/go.mod h1:K4uyk7z7BCEPqu6E+C64Yfv1cQ7kz7rIZviUmN+EgEM=
